
Microsoft Visual Studio Solution File, Format Version 12.00
# Visual Studio Version 17
VisualStudioVersion = 17.0.31903.59
MinimumVisualStudioVersion = 10.0.40219.1
Project("{FAE04EC0-301F-11D3-BF4B-00C04F79EFBC}") = "Ta.Indicator", "Ta.Indicator\Ta.Indicator.csproj", "{8E681EC5-DB12-4F5A-9405-A9107856684F}"
EndProject
Project("{FAE04EC0-301F-11D3-BF4B-00C04F79EFBC}") = "Ta.CustomIndicator", "Ta.CustomIndicator\Ta.CustomIndicator.csproj", "{C4997F02-CACE-4908-977D-0D9A6A837EDF}"
EndProject
Project("{FAE04EC0-301F-11D3-BF4B-00C04F79EFBC}") = "ScreenEdge.Entity", "ScreenEdge.Entity\ScreenEdge.Entity.csproj", "{8DC2ADCB-6F7D-4A94-B8AB-0AFAD76F3C12}"
EndProject
Project("{FAE04EC0-301F-11D3-BF4B-00C04F79EFBC}") = "ScreenEdge.Repository", "ScreenEdge.Repository\ScreenEdge.Repository.csproj", "{DCD14138-40D6-43E5-BE5E-762CAF079E82}"
EndProject
Project("{FAE04EC0-301F-11D3-BF4B-00C04F79EFBC}") = "ScreenEdge.Screener", "ScreenEdge.Screener\ScreenEdge.Screener.csproj", "{87EF7D24-D54B-4DFE-B7C1-29148E0D95E5}"
EndProject
Project("{FAE04EC0-301F-11D3-BF4B-00C04F79EFBC}") = "ScreenEdge.Api", "ScreenEdge.Api\ScreenEdge.Api.csproj", "{99121949-1813-441F-9FF5-5B28A27D3990}"
EndProject
Project("{FAE04EC0-301F-11D3-BF4B-00C04F79EFBC}") = "ScreenEdge.Tests", "ScreenEdge.Tests\ScreenEdge.Tests.csproj", "{EA6EA570-B9AA-4468-BAD8-FE92A313FE55}"
EndProject
Project("{FAE04EC0-301F-11D3-BF4B-00C04F79EFBC}") = "ScreenEdge.Broker", "ScreenEdge.Broker\ScreenEdge.Broker.csproj", "{B208D3C0-8E90-4E8A-80A6-82DA04364EED}"
EndProject
Project("{FAE04EC0-301F-11D3-BF4B-00C04F79EFBC}") = "ScreenEdge.Backtest", "ScreenEdge.Backtest\ScreenEdge.Backtest.csproj", "{36EB46AA-6746-4440-8572-EA19393E5302}"
EndProject
Project("{FAE04EC0-301F-11D3-BF4B-00C04F79EFBC}") = "ScreenEdge.AI", "ScreenEdge.AI\ScreenEdge.AI.csproj", "{84D96035-864F-4895-AE0C-5CA87376006A}"
EndProject
Global
	GlobalSection(SolutionConfigurationPlatforms) = preSolution
		Debug|Any CPU = Debug|Any CPU
		Debug|x64 = Debug|x64
		Debug|x86 = Debug|x86
		Release|Any CPU = Release|Any CPU
		Release|x64 = Release|x64
		Release|x86 = Release|x86
	EndGlobalSection
	GlobalSection(ProjectConfigurationPlatforms) = postSolution
		{8E681EC5-DB12-4F5A-9405-A9107856684F}.Debug|Any CPU.ActiveCfg = Debug|Any CPU
		{8E681EC5-DB12-4F5A-9405-A9107856684F}.Debug|Any CPU.Build.0 = Debug|Any CPU
		{8E681EC5-DB12-4F5A-9405-A9107856684F}.Debug|x64.ActiveCfg = Debug|Any CPU
		{8E681EC5-DB12-4F5A-9405-A9107856684F}.Debug|x64.Build.0 = Debug|Any CPU
		{8E681EC5-DB12-4F5A-9405-A9107856684F}.Debug|x86.ActiveCfg = Debug|Any CPU
		{8E681EC5-DB12-4F5A-9405-A9107856684F}.Debug|x86.Build.0 = Debug|Any CPU
		{8E681EC5-DB12-4F5A-9405-A9107856684F}.Release|Any CPU.ActiveCfg = Release|Any CPU
		{8E681EC5-DB12-4F5A-9405-A9107856684F}.Release|Any CPU.Build.0 = Release|Any CPU
		{8E681EC5-DB12-4F5A-9405-A9107856684F}.Release|x64.ActiveCfg = Release|Any CPU
		{8E681EC5-DB12-4F5A-9405-A9107856684F}.Release|x64.Build.0 = Release|Any CPU
		{8E681EC5-DB12-4F5A-9405-A9107856684F}.Release|x86.ActiveCfg = Release|Any CPU
		{8E681EC5-DB12-4F5A-9405-A9107856684F}.Release|x86.Build.0 = Release|Any CPU
		{C4997F02-CACE-4908-977D-0D9A6A837EDF}.Debug|Any CPU.ActiveCfg = Debug|Any CPU
		{C4997F02-CACE-4908-977D-0D9A6A837EDF}.Debug|Any CPU.Build.0 = Debug|Any CPU
		{C4997F02-CACE-4908-977D-0D9A6A837EDF}.Debug|x64.ActiveCfg = Debug|Any CPU
		{C4997F02-CACE-4908-977D-0D9A6A837EDF}.Debug|x64.Build.0 = Debug|Any CPU
		{C4997F02-CACE-4908-977D-0D9A6A837EDF}.Debug|x86.ActiveCfg = Debug|Any CPU
		{C4997F02-CACE-4908-977D-0D9A6A837EDF}.Debug|x86.Build.0 = Debug|Any CPU
		{C4997F02-CACE-4908-977D-0D9A6A837EDF}.Release|Any CPU.ActiveCfg = Release|Any CPU
		{C4997F02-CACE-4908-977D-0D9A6A837EDF}.Release|Any CPU.Build.0 = Release|Any CPU
		{C4997F02-CACE-4908-977D-0D9A6A837EDF}.Release|x64.ActiveCfg = Release|Any CPU
		{C4997F02-CACE-4908-977D-0D9A6A837EDF}.Release|x64.Build.0 = Release|Any CPU
		{C4997F02-CACE-4908-977D-0D9A6A837EDF}.Release|x86.ActiveCfg = Release|Any CPU
		{C4997F02-CACE-4908-977D-0D9A6A837EDF}.Release|x86.Build.0 = Release|Any CPU
		{8DC2ADCB-6F7D-4A94-B8AB-0AFAD76F3C12}.Debug|Any CPU.ActiveCfg = Debug|Any CPU
		{8DC2ADCB-6F7D-4A94-B8AB-0AFAD76F3C12}.Debug|Any CPU.Build.0 = Debug|Any CPU
		{8DC2ADCB-6F7D-4A94-B8AB-0AFAD76F3C12}.Debug|x64.ActiveCfg = Debug|Any CPU
		{8DC2ADCB-6F7D-4A94-B8AB-0AFAD76F3C12}.Debug|x64.Build.0 = Debug|Any CPU
		{8DC2ADCB-6F7D-4A94-B8AB-0AFAD76F3C12}.Debug|x86.ActiveCfg = Debug|Any CPU
		{8DC2ADCB-6F7D-4A94-B8AB-0AFAD76F3C12}.Debug|x86.Build.0 = Debug|Any CPU
		{8DC2ADCB-6F7D-4A94-B8AB-0AFAD76F3C12}.Release|Any CPU.ActiveCfg = Release|Any CPU
		{8DC2ADCB-6F7D-4A94-B8AB-0AFAD76F3C12}.Release|Any CPU.Build.0 = Release|Any CPU
		{8DC2ADCB-6F7D-4A94-B8AB-0AFAD76F3C12}.Release|x64.ActiveCfg = Release|Any CPU
		{8DC2ADCB-6F7D-4A94-B8AB-0AFAD76F3C12}.Release|x64.Build.0 = Release|Any CPU
		{8DC2ADCB-6F7D-4A94-B8AB-0AFAD76F3C12}.Release|x86.ActiveCfg = Release|Any CPU
		{8DC2ADCB-6F7D-4A94-B8AB-0AFAD76F3C12}.Release|x86.Build.0 = Release|Any CPU
		{DCD14138-40D6-43E5-BE5E-762CAF079E82}.Debug|Any CPU.ActiveCfg = Debug|Any CPU
		{DCD14138-40D6-43E5-BE5E-762CAF079E82}.Debug|Any CPU.Build.0 = Debug|Any CPU
		{DCD14138-40D6-43E5-BE5E-762CAF079E82}.Debug|x64.ActiveCfg = Debug|Any CPU
		{DCD14138-40D6-43E5-BE5E-762CAF079E82}.Debug|x64.Build.0 = Debug|Any CPU
		{DCD14138-40D6-43E5-BE5E-762CAF079E82}.Debug|x86.ActiveCfg = Debug|Any CPU
		{DCD14138-40D6-43E5-BE5E-762CAF079E82}.Debug|x86.Build.0 = Debug|Any CPU
		{DCD14138-40D6-43E5-BE5E-762CAF079E82}.Release|Any CPU.ActiveCfg = Release|Any CPU
		{DCD14138-40D6-43E5-BE5E-762CAF079E82}.Release|Any CPU.Build.0 = Release|Any CPU
		{DCD14138-40D6-43E5-BE5E-762CAF079E82}.Release|x64.ActiveCfg = Release|Any CPU
		{DCD14138-40D6-43E5-BE5E-762CAF079E82}.Release|x64.Build.0 = Release|Any CPU
		{DCD14138-40D6-43E5-BE5E-762CAF079E82}.Release|x86.ActiveCfg = Release|Any CPU
		{DCD14138-40D6-43E5-BE5E-762CAF079E82}.Release|x86.Build.0 = Release|Any CPU
		{87EF7D24-D54B-4DFE-B7C1-29148E0D95E5}.Debug|Any CPU.ActiveCfg = Debug|Any CPU
		{87EF7D24-D54B-4DFE-B7C1-29148E0D95E5}.Debug|Any CPU.Build.0 = Debug|Any CPU
		{87EF7D24-D54B-4DFE-B7C1-29148E0D95E5}.Debug|x64.ActiveCfg = Debug|Any CPU
		{87EF7D24-D54B-4DFE-B7C1-29148E0D95E5}.Debug|x64.Build.0 = Debug|Any CPU
		{87EF7D24-D54B-4DFE-B7C1-29148E0D95E5}.Debug|x86.ActiveCfg = Debug|Any CPU
		{87EF7D24-D54B-4DFE-B7C1-29148E0D95E5}.Debug|x86.Build.0 = Debug|Any CPU
		{87EF7D24-D54B-4DFE-B7C1-29148E0D95E5}.Release|Any CPU.ActiveCfg = Release|Any CPU
		{87EF7D24-D54B-4DFE-B7C1-29148E0D95E5}.Release|Any CPU.Build.0 = Release|Any CPU
		{87EF7D24-D54B-4DFE-B7C1-29148E0D95E5}.Release|x64.ActiveCfg = Release|Any CPU
		{87EF7D24-D54B-4DFE-B7C1-29148E0D95E5}.Release|x64.Build.0 = Release|Any CPU
		{87EF7D24-D54B-4DFE-B7C1-29148E0D95E5}.Release|x86.ActiveCfg = Release|Any CPU
		{87EF7D24-D54B-4DFE-B7C1-29148E0D95E5}.Release|x86.Build.0 = Release|Any CPU
		{99121949-1813-441F-9FF5-5B28A27D3990}.Debug|Any CPU.ActiveCfg = Debug|Any CPU
		{99121949-1813-441F-9FF5-5B28A27D3990}.Debug|Any CPU.Build.0 = Debug|Any CPU
		{99121949-1813-441F-9FF5-5B28A27D3990}.Debug|x64.ActiveCfg = Debug|Any CPU
		{99121949-1813-441F-9FF5-5B28A27D3990}.Debug|x64.Build.0 = Debug|Any CPU
		{99121949-1813-441F-9FF5-5B28A27D3990}.Debug|x86.ActiveCfg = Debug|Any CPU
		{99121949-1813-441F-9FF5-5B28A27D3990}.Debug|x86.Build.0 = Debug|Any CPU
		{99121949-1813-441F-9FF5-5B28A27D3990}.Release|Any CPU.ActiveCfg = Release|Any CPU
		{99121949-1813-441F-9FF5-5B28A27D3990}.Release|Any CPU.Build.0 = Release|Any CPU
		{99121949-1813-441F-9FF5-5B28A27D3990}.Release|x64.ActiveCfg = Release|Any CPU
		{99121949-1813-441F-9FF5-5B28A27D3990}.Release|x64.Build.0 = Release|Any CPU
		{99121949-1813-441F-9FF5-5B28A27D3990}.Release|x86.ActiveCfg = Release|Any CPU
		{99121949-1813-441F-9FF5-5B28A27D3990}.Release|x86.Build.0 = Release|Any CPU
		{EA6EA570-B9AA-4468-BAD8-FE92A313FE55}.Debug|Any CPU.ActiveCfg = Debug|Any CPU
		{EA6EA570-B9AA-4468-BAD8-FE92A313FE55}.Debug|Any CPU.Build.0 = Debug|Any CPU
		{EA6EA570-B9AA-4468-BAD8-FE92A313FE55}.Debug|x64.ActiveCfg = Debug|Any CPU
		{EA6EA570-B9AA-4468-BAD8-FE92A313FE55}.Debug|x64.Build.0 = Debug|Any CPU
		{EA6EA570-B9AA-4468-BAD8-FE92A313FE55}.Debug|x86.ActiveCfg = Debug|Any CPU
		{EA6EA570-B9AA-4468-BAD8-FE92A313FE55}.Debug|x86.Build.0 = Debug|Any CPU
		{EA6EA570-B9AA-4468-BAD8-FE92A313FE55}.Release|Any CPU.ActiveCfg = Release|Any CPU
		{EA6EA570-B9AA-4468-BAD8-FE92A313FE55}.Release|Any CPU.Build.0 = Release|Any CPU
		{EA6EA570-B9AA-4468-BAD8-FE92A313FE55}.Release|x64.ActiveCfg = Release|Any CPU
		{EA6EA570-B9AA-4468-BAD8-FE92A313FE55}.Release|x64.Build.0 = Release|Any CPU
		{EA6EA570-B9AA-4468-BAD8-FE92A313FE55}.Release|x86.ActiveCfg = Release|Any CPU
		{EA6EA570-B9AA-4468-BAD8-FE92A313FE55}.Release|x86.Build.0 = Release|Any CPU
		{B208D3C0-8E90-4E8A-80A6-82DA04364EED}.Debug|Any CPU.ActiveCfg = Debug|Any CPU
		{B208D3C0-8E90-4E8A-80A6-82DA04364EED}.Debug|Any CPU.Build.0 = Debug|Any CPU
		{B208D3C0-8E90-4E8A-80A6-82DA04364EED}.Debug|x64.ActiveCfg = Debug|Any CPU
		{B208D3C0-8E90-4E8A-80A6-82DA04364EED}.Debug|x64.Build.0 = Debug|Any CPU
		{B208D3C0-8E90-4E8A-80A6-82DA04364EED}.Debug|x86.ActiveCfg = Debug|Any CPU
		{B208D3C0-8E90-4E8A-80A6-82DA04364EED}.Debug|x86.Build.0 = Debug|Any CPU
		{B208D3C0-8E90-4E8A-80A6-82DA04364EED}.Release|Any CPU.ActiveCfg = Release|Any CPU
		{B208D3C0-8E90-4E8A-80A6-82DA04364EED}.Release|Any CPU.Build.0 = Release|Any CPU
		{B208D3C0-8E90-4E8A-80A6-82DA04364EED}.Release|x64.ActiveCfg = Release|Any CPU
		{B208D3C0-8E90-4E8A-80A6-82DA04364EED}.Release|x64.Build.0 = Release|Any CPU
		{B208D3C0-8E90-4E8A-80A6-82DA04364EED}.Release|x86.ActiveCfg = Release|Any CPU
		{B208D3C0-8E90-4E8A-80A6-82DA04364EED}.Release|x86.Build.0 = Release|Any CPU
		{36EB46AA-6746-4440-8572-EA19393E5302}.Debug|Any CPU.ActiveCfg = Debug|Any CPU
		{36EB46AA-6746-4440-8572-EA19393E5302}.Debug|Any CPU.Build.0 = Debug|Any CPU
		{36EB46AA-6746-4440-8572-EA19393E5302}.Debug|x64.ActiveCfg = Debug|Any CPU
		{36EB46AA-6746-4440-8572-EA19393E5302}.Debug|x64.Build.0 = Debug|Any CPU
		{36EB46AA-6746-4440-8572-EA19393E5302}.Debug|x86.ActiveCfg = Debug|Any CPU
		{36EB46AA-6746-4440-8572-EA19393E5302}.Debug|x86.Build.0 = Debug|Any CPU
		{36EB46AA-6746-4440-8572-EA19393E5302}.Release|Any CPU.ActiveCfg = Release|Any CPU
		{36EB46AA-6746-4440-8572-EA19393E5302}.Release|Any CPU.Build.0 = Release|Any CPU
		{36EB46AA-6746-4440-8572-EA19393E5302}.Release|x64.ActiveCfg = Release|Any CPU
		{36EB46AA-6746-4440-8572-EA19393E5302}.Release|x64.Build.0 = Release|Any CPU
		{36EB46AA-6746-4440-8572-EA19393E5302}.Release|x86.ActiveCfg = Release|Any CPU
		{36EB46AA-6746-4440-8572-EA19393E5302}.Release|x86.Build.0 = Release|Any CPU
		{84D96035-864F-4895-AE0C-5CA87376006A}.Debug|Any CPU.ActiveCfg = Debug|Any CPU
		{84D96035-864F-4895-AE0C-5CA87376006A}.Debug|Any CPU.Build.0 = Debug|Any CPU
		{84D96035-864F-4895-AE0C-5CA87376006A}.Debug|x64.ActiveCfg = Debug|Any CPU
		{84D96035-864F-4895-AE0C-5CA87376006A}.Debug|x64.Build.0 = Debug|Any CPU
		{84D96035-864F-4895-AE0C-5CA87376006A}.Debug|x86.ActiveCfg = Debug|Any CPU
		{84D96035-864F-4895-AE0C-5CA87376006A}.Debug|x86.Build.0 = Debug|Any CPU
		{84D96035-864F-4895-AE0C-5CA87376006A}.Release|Any CPU.ActiveCfg = Release|Any CPU
		{84D96035-864F-4895-AE0C-5CA87376006A}.Release|Any CPU.Build.0 = Release|Any CPU
		{84D96035-864F-4895-AE0C-5CA87376006A}.Release|x64.ActiveCfg = Release|Any CPU
		{84D96035-864F-4895-AE0C-5CA87376006A}.Release|x64.Build.0 = Release|Any CPU
		{84D96035-864F-4895-AE0C-5CA87376006A}.Release|x86.ActiveCfg = Release|Any CPU
		{84D96035-864F-4895-AE0C-5CA87376006A}.Release|x86.Build.0 = Release|Any CPU
	EndGlobalSection
	GlobalSection(SolutionProperties) = preSolution
		HideSolutionNode = FALSE
	EndGlobalSection
EndGlobal
